
Microsoft Visual Studio Solution File, Format Version 12.00
# Visual Studio Version 16
VisualStudioVersion = 16.0.31424.327
MinimumVisualStudioVersion = 10.0.40219.1
Project("{FAE04EC0-301F-11D3-BF4B-00C04F79EFBC}") = "KeyLogger3", "KeyLogger3\KeyLogger3.csproj", "{0B9746C4-29FF-4409-AAD7-468D6B2C5182}"
EndProject
Global
	GlobalSection(SolutionConfigurationPlatforms) = preSolution
		Debug|Any CPU = Debug|Any CPU
		Release|Any CPU = Release|Any CPU
	EndGlobalSection
	GlobalSection(ProjectConfigurationPlatforms) = postSolution
		{0B9746C4-29FF-4409-AAD7-468D6B2C5182}.Debug|Any CPU.ActiveCfg = Debug|Any CPU
		{0B9746C4-29FF-4409-AAD7-468D6B2C5182}.Debug|Any CPU.Build.0 = Debug|Any CPU
		{0B9746C4-29FF-4409-AAD7-468D6B2C5182}.Release|Any CPU.ActiveCfg = Release|Any CPU
		{0B9746C4-29FF-4409-AAD7-468D6B2C5182}.Release|Any CPU.Build.0 = Release|Any CPU
	EndGlobalSection
	GlobalSection(SolutionProperties) = preSolution
		HideSolutionNode = FALSE
	EndGlobalSection
	GlobalSection(ExtensibilityGlobals) = postSolution
		SolutionGuid = {38058762-BDA2-4FF0-A280-DF31AC067A36}
	EndGlobalSection
EndGlobal
